
Microsoft Visual Studio Solution File, Format Version 12.00
# Visual Studio Version 17
VisualStudioVersion = 17.9.34622.214
MinimumVisualStudioVersion = 10.0.40219.1
Project("{8BC9CEB8-8B4A-11D0-8D11-00A0C91BC942}") = "Scribblenauts", "Scribblenauts\Scribblenauts.vcxproj", "{81A786FF-D6A2-4071-A4F9-1A92AB8C2CD0}"
	ProjectSection(ProjectDependencies) = postProject
		{EFEB5985-E618-4E7D-9981-65CEA95CFCF8} = {EFEB5985-E618-4E7D-9981-65CEA95CFCF8}
	EndProjectSection
EndProject
Project("{8BC9CEB8-8B4A-11D0-8D11-00A0C91BC942}") = "Engine", "NinjaKittenEngine\Engine\Engine.vcxproj", "{EFEB5985-E618-4E7D-9981-65CEA95CFCF8}"
	ProjectSection(ProjectDependencies) = postProject
		{2BA68985-B28A-4BBE-81FA-6D44F0C81F3A} = {2BA68985-B28A-4BBE-81FA-6D44F0C81F3A}
		{5915B677-0573-458C-A89C-9A092E2006DD} = {5915B677-0573-458C-A89C-9A092E2006DD}
	EndProjectSection
EndProject
Project("{8BC9CEB8-8B4A-11D0-8D11-00A0C91BC942}") = "TinyXML", "NinjaKittenEngine\TinyXML\TinyXML.vcxproj", "{5915B677-0573-458C-A89C-9A092E2006DD}"
EndProject
Project("{8BC9CEB8-8B4A-11D0-8D11-00A0C91BC942}") = "Lua", "NinjaKittenEngine\Lua\Lua.vcxproj", "{2BA68985-B28A-4BBE-81FA-6D44F0C81F3A}"
EndProject
Project("{2150E333-8FDC-42A3-9474-1A3956D46DE8}") = "Solution Items", "Solution Items", "{73834CFA-3ABC-4230-ACA1-8EEC33158C0E}"
EndProject
Global
	GlobalSection(SolutionConfigurationPlatforms) = preSolution
		Debug|x64 = Debug|x64
		Debug|x86 = Debug|x86
		Release|x64 = Release|x64
		Release|x86 = Release|x86
	EndGlobalSection
	GlobalSection(ProjectConfigurationPlatforms) = postSolution
		{81A786FF-D6A2-4071-A4F9-1A92AB8C2CD0}.Debug|x64.ActiveCfg = Debug|x64
		{81A786FF-D6A2-4071-A4F9-1A92AB8C2CD0}.Debug|x64.Build.0 = Debug|x64
		{81A786FF-D6A2-4071-A4F9-1A92AB8C2CD0}.Debug|x86.ActiveCfg = Debug|Win32
		{81A786FF-D6A2-4071-A4F9-1A92AB8C2CD0}.Debug|x86.Build.0 = Debug|Win32
		{81A786FF-D6A2-4071-A4F9-1A92AB8C2CD0}.Release|x64.ActiveCfg = Release|x64
		{81A786FF-D6A2-4071-A4F9-1A92AB8C2CD0}.Release|x64.Build.0 = Release|x64
		{81A786FF-D6A2-4071-A4F9-1A92AB8C2CD0}.Release|x86.ActiveCfg = Release|Win32
		{81A786FF-D6A2-4071-A4F9-1A92AB8C2CD0}.Release|x86.Build.0 = Release|Win32
		{EFEB5985-E618-4E7D-9981-65CEA95CFCF8}.Debug|x64.ActiveCfg = Debug|x64
		{EFEB5985-E618-4E7D-9981-65CEA95CFCF8}.Debug|x64.Build.0 = Debug|x64
		{EFEB5985-E618-4E7D-9981-65CEA95CFCF8}.Debug|x86.ActiveCfg = Debug|Win32
		{EFEB5985-E618-4E7D-9981-65CEA95CFCF8}.Debug|x86.Build.0 = Debug|Win32
		{EFEB5985-E618-4E7D-9981-65CEA95CFCF8}.Release|x64.ActiveCfg = Release|x64
		{EFEB5985-E618-4E7D-9981-65CEA95CFCF8}.Release|x64.Build.0 = Release|x64
		{EFEB5985-E618-4E7D-9981-65CEA95CFCF8}.Release|x86.ActiveCfg = Release|Win32
		{EFEB5985-E618-4E7D-9981-65CEA95CFCF8}.Release|x86.Build.0 = Release|Win32
		{5915B677-0573-458C-A89C-9A092E2006DD}.Debug|x64.ActiveCfg = Debug|x64
		{5915B677-0573-458C-A89C-9A092E2006DD}.Debug|x64.Build.0 = Debug|x64
		{5915B677-0573-458C-A89C-9A092E2006DD}.Debug|x86.ActiveCfg = Debug|Win32
		{5915B677-0573-458C-A89C-9A092E2006DD}.Debug|x86.Build.0 = Debug|Win32
		{5915B677-0573-458C-A89C-9A092E2006DD}.Release|x64.ActiveCfg = Release|x64
		{5915B677-0573-458C-A89C-9A092E2006DD}.Release|x64.Build.0 = Release|x64
		{5915B677-0573-458C-A89C-9A092E2006DD}.Release|x86.ActiveCfg = Release|Win32
		{5915B677-0573-458C-A89C-9A092E2006DD}.Release|x86.Build.0 = Release|Win32
		{2BA68985-B28A-4BBE-81FA-6D44F0C81F3A}.Debug|x64.ActiveCfg = Debug|x64
		{2BA68985-B28A-4BBE-81FA-6D44F0C81F3A}.Debug|x64.Build.0 = Debug|x64
		{2BA68985-B28A-4BBE-81FA-6D44F0C81F3A}.Debug|x86.ActiveCfg = Debug|Win32
		{2BA68985-B28A-4BBE-81FA-6D44F0C81F3A}.Debug|x86.Build.0 = Debug|Win32
		{2BA68985-B28A-4BBE-81FA-6D44F0C81F3A}.Release|x64.ActiveCfg = Release|x64
		{2BA68985-B28A-4BBE-81FA-6D44F0C81F3A}.Release|x64.Build.0 = Release|x64
		{2BA68985-B28A-4BBE-81FA-6D44F0C81F3A}.Release|x86.ActiveCfg = Release|Win32
		{2BA68985-B28A-4BBE-81FA-6D44F0C81F3A}.Release|x86.Build.0 = Release|Win32
	EndGlobalSection
	GlobalSection(SolutionProperties) = preSolution
		HideSolutionNode = FALSE
	EndGlobalSection
	GlobalSection(ExtensibilityGlobals) = postSolution
		SolutionGuid = {862C26BA-BBB2-4984-BF8A-DD70C2B5D8F0}
	EndGlobalSection
EndGlobal
